
Microsoft Visual Studio Solution File, Format Version 12.00
# Visual Studio Version 17
VisualStudioVersion = 17.5.002.0
MinimumVisualStudioVersion = 10.0.40219.1
Project("{9A19103F-16F7-4668-BE54-9A1E7A4F7556}") = "taskListBot", "taskListBot.csproj", "{E0991E1A-14D1-4674-82E8-88D25FEF502D}"
EndProject
Global
	GlobalSection(SolutionConfigurationPlatforms) = preSolution
		Debug|Any CPU = Debug|Any CPU
		Release|Any CPU = Release|Any CPU
	EndGlobalSection
	GlobalSection(ProjectConfigurationPlatforms) = postSolution
		{E0991E1A-14D1-4674-82E8-88D25FEF502D}.Debug|Any CPU.ActiveCfg = Debug|Any CPU
		{E0991E1A-14D1-4674-82E8-88D25FEF502D}.Debug|Any CPU.Build.0 = Debug|Any CPU
		{E0991E1A-14D1-4674-82E8-88D25FEF502D}.Release|Any CPU.ActiveCfg = Release|Any CPU
		{E0991E1A-14D1-4674-82E8-88D25FEF502D}.Release|Any CPU.Build.0 = Release|Any CPU
	EndGlobalSection
	GlobalSection(SolutionProperties) = preSolution
		HideSolutionNode = FALSE
	EndGlobalSection
	GlobalSection(ExtensibilityGlobals) = postSolution
		SolutionGuid = {8DBE367A-6E9D-4B01-85B0-2FA8A253ECBE}
	EndGlobalSection
EndGlobal
